
Microsoft Visual Studio Solution File, Format Version 12.00
# Visual Studio Version 16
VisualStudioVersion = 16.0.30711.63
MinimumVisualStudioVersion = 10.0.40219.1
Project("{FAE04EC0-301F-11D3-BF4B-00C04F79EFBC}") = "CocoaFramework", "CocoaFramework\CocoaFramework.csproj", "{A8BF777F-333E-4570-B7AE-C7186E12F460}"
EndProject
Global
	GlobalSection(SolutionConfigurationPlatforms) = preSolution
		Debug|Any CPU = Debug|Any CPU
		Release|Any CPU = Release|Any CPU
	EndGlobalSection
	GlobalSection(ProjectConfigurationPlatforms) = postSolution
		{A8BF777F-333E-4570-B7AE-C7186E12F460}.Debug|Any CPU.ActiveCfg = Debug|Any CPU
		{A8BF777F-333E-4570-B7AE-C7186E12F460}.Debug|Any CPU.Build.0 = Debug|Any CPU
		{A8BF777F-333E-4570-B7AE-C7186E12F460}.Release|Any CPU.ActiveCfg = Release|Any CPU
		{A8BF777F-333E-4570-B7AE-C7186E12F460}.Release|Any CPU.Build.0 = Release|Any CPU
	EndGlobalSection
	GlobalSection(SolutionProperties) = preSolution
		HideSolutionNode = FALSE
	EndGlobalSection
	GlobalSection(ExtensibilityGlobals) = postSolution
		SolutionGuid = {3FAF2065-4BC5-4A9F-A3E8-48AEBA064209}
	EndGlobalSection
EndGlobal
